
Microsoft Visual Studio Solution File, Format Version 12.00
# Visual Studio Version 17
VisualStudioVersion = 17.0.32112.339
MinimumVisualStudioVersion = 10.0.40219.1
Project("{FAE04EC0-301F-11D3-BF4B-00C04F79EFBC}") = "Primeiro", "Primeiro\Primeiro.csproj", "{22FAD9A1-9374-4839-BB3D-53E11BBEA2ED}"
EndProject
Global
	GlobalSection(SolutionConfigurationPlatforms) = preSolution
		Debug|Any CPU = Debug|Any CPU
		Release|Any CPU = Release|Any CPU
	EndGlobalSection
	GlobalSection(ProjectConfigurationPlatforms) = postSolution
		{22FAD9A1-9374-4839-BB3D-53E11BBEA2ED}.Debug|Any CPU.ActiveCfg = Debug|Any CPU
		{22FAD9A1-9374-4839-BB3D-53E11BBEA2ED}.Debug|Any CPU.Build.0 = Debug|Any CPU
		{22FAD9A1-9374-4839-BB3D-53E11BBEA2ED}.Release|Any CPU.ActiveCfg = Release|Any CPU
		{22FAD9A1-9374-4839-BB3D-53E11BBEA2ED}.Release|Any CPU.Build.0 = Release|Any CPU
	EndGlobalSection
	GlobalSection(SolutionProperties) = preSolution
		HideSolutionNode = FALSE
	EndGlobalSection
	GlobalSection(ExtensibilityGlobals) = postSolution
		SolutionGuid = {77DC8ED7-92FF-4D96-A108-6E4E7EF3EF15}
	EndGlobalSection
EndGlobal
